
Microsoft Visual Studio Solution File, Format Version 12.00
# Visual Studio Version 17
VisualStudioVersion = 17.6.33829.357
MinimumVisualStudioVersion = 10.0.40219.1
Project("{9A19103F-16F7-4668-BE54-9A1E7A4F7556}") = "App.Database", "Raspberry\App.Database\App.Database.csproj", "{8DF069EF-9BBC-4029-8490-2CFE07338DF5}"
EndProject
Project("{9A19103F-16F7-4668-BE54-9A1E7A4F7556}") = "App.Integrations", "Raspberry\App.Integrations\App.Integrations.csproj", "{30EA2073-6350-4349-B87B-E33010B01B34}"
EndProject
Project("{2150E333-8FDC-42A3-9474-1A3956D46DE8}") = "Raspberry", "Raspberry", "{FF9B0F0B-91DB-4AB3-A27B-688B235C5122}"
EndProject
Project("{2150E333-8FDC-42A3-9474-1A3956D46DE8}") = "Mobile", "Mobile", "{D0998BA3-2BB0-4E1D-9844-7AC43FE7DD1B}"
EndProject
Project("{9A19103F-16F7-4668-BE54-9A1E7A4F7556}") = "App", "Mobile\App\App.csproj", "{AC8E4D2B-1F28-4D94-86B4-AC814E0E32B2}"
EndProject
Project("{9A19103F-16F7-4668-BE54-9A1E7A4F7556}") = "App.Services", "Raspberry\App.Services\App.Services.csproj", "{B884B20A-6159-46CA-B582-1899A7EB5CFF}"
EndProject
Project("{FAE04EC0-301F-11D3-BF4B-00C04F79EFBC}") = "App", "Raspberry\App\App.csproj", "{C436E1DB-CF44-4A15-82E0-E24C69CBC597}"
EndProject
Global
	GlobalSection(SolutionConfigurationPlatforms) = preSolution
		Debug|Any CPU = Debug|Any CPU
		Release|Any CPU = Release|Any CPU
	EndGlobalSection
	GlobalSection(ProjectConfigurationPlatforms) = postSolution
		{8DF069EF-9BBC-4029-8490-2CFE07338DF5}.Debug|Any CPU.ActiveCfg = Debug|Any CPU
		{8DF069EF-9BBC-4029-8490-2CFE07338DF5}.Debug|Any CPU.Build.0 = Debug|Any CPU
		{8DF069EF-9BBC-4029-8490-2CFE07338DF5}.Release|Any CPU.ActiveCfg = Release|Any CPU
		{8DF069EF-9BBC-4029-8490-2CFE07338DF5}.Release|Any CPU.Build.0 = Release|Any CPU
		{30EA2073-6350-4349-B87B-E33010B01B34}.Debug|Any CPU.ActiveCfg = Debug|Any CPU
		{30EA2073-6350-4349-B87B-E33010B01B34}.Debug|Any CPU.Build.0 = Debug|Any CPU
		{30EA2073-6350-4349-B87B-E33010B01B34}.Release|Any CPU.ActiveCfg = Release|Any CPU
		{30EA2073-6350-4349-B87B-E33010B01B34}.Release|Any CPU.Build.0 = Release|Any CPU
		{AC8E4D2B-1F28-4D94-86B4-AC814E0E32B2}.Debug|Any CPU.ActiveCfg = Debug|Any CPU
		{AC8E4D2B-1F28-4D94-86B4-AC814E0E32B2}.Debug|Any CPU.Build.0 = Debug|Any CPU
		{AC8E4D2B-1F28-4D94-86B4-AC814E0E32B2}.Debug|Any CPU.Deploy.0 = Debug|Any CPU
		{AC8E4D2B-1F28-4D94-86B4-AC814E0E32B2}.Release|Any CPU.ActiveCfg = Release|Any CPU
		{AC8E4D2B-1F28-4D94-86B4-AC814E0E32B2}.Release|Any CPU.Build.0 = Release|Any CPU
		{AC8E4D2B-1F28-4D94-86B4-AC814E0E32B2}.Release|Any CPU.Deploy.0 = Release|Any CPU
		{B884B20A-6159-46CA-B582-1899A7EB5CFF}.Debug|Any CPU.ActiveCfg = Debug|Any CPU
		{B884B20A-6159-46CA-B582-1899A7EB5CFF}.Debug|Any CPU.Build.0 = Debug|Any CPU
		{B884B20A-6159-46CA-B582-1899A7EB5CFF}.Release|Any CPU.ActiveCfg = Release|Any CPU
		{B884B20A-6159-46CA-B582-1899A7EB5CFF}.Release|Any CPU.Build.0 = Release|Any CPU
		{C436E1DB-CF44-4A15-82E0-E24C69CBC597}.Debug|Any CPU.ActiveCfg = Debug|Any CPU
		{C436E1DB-CF44-4A15-82E0-E24C69CBC597}.Debug|Any CPU.Build.0 = Debug|Any CPU
		{C436E1DB-CF44-4A15-82E0-E24C69CBC597}.Release|Any CPU.ActiveCfg = Release|Any CPU
		{C436E1DB-CF44-4A15-82E0-E24C69CBC597}.Release|Any CPU.Build.0 = Release|Any CPU
	EndGlobalSection
	GlobalSection(SolutionProperties) = preSolution
		HideSolutionNode = FALSE
	EndGlobalSection
	GlobalSection(NestedProjects) = preSolution
		{8DF069EF-9BBC-4029-8490-2CFE07338DF5} = {FF9B0F0B-91DB-4AB3-A27B-688B235C5122}
		{30EA2073-6350-4349-B87B-E33010B01B34} = {FF9B0F0B-91DB-4AB3-A27B-688B235C5122}
		{AC8E4D2B-1F28-4D94-86B4-AC814E0E32B2} = {D0998BA3-2BB0-4E1D-9844-7AC43FE7DD1B}
		{B884B20A-6159-46CA-B582-1899A7EB5CFF} = {FF9B0F0B-91DB-4AB3-A27B-688B235C5122}
		{C436E1DB-CF44-4A15-82E0-E24C69CBC597} = {FF9B0F0B-91DB-4AB3-A27B-688B235C5122}
	EndGlobalSection
	GlobalSection(ExtensibilityGlobals) = postSolution
		SolutionGuid = {6E4C8970-7757-4498-A07F-CD69A97E586A}
	EndGlobalSection
EndGlobal
